
Microsoft Visual Studio Solution File, Format Version 12.00
# Visual Studio Version 17
VisualStudioVersion = 17.2.32526.322
MinimumVisualStudioVersion = 10.0.40219.1
Project("{9A19103F-16F7-4668-BE54-9A1E7A4F7556}") = "GrasshopperTeklaDrawingLink", "GrasshopperTeklaDrawingLink\GrasshopperTeklaDrawingLink.csproj", "{531DCA2A-4161-4EAD-956F-6F33CB74A5EF}"
EndProject
Project("{FAE04EC0-301F-11D3-BF4B-00C04F79EFBC}") = "TeklaPlugins", "TeklaPlugins\TeklaPlugins.csproj", "{91397807-C15A-48AC-9706-46C3E2E89D00}"
EndProject
Project("{9A19103F-16F7-4668-BE54-9A1E7A4F7556}") = "DrawingLink.UI", "DrawingLink.UI\DrawingLink.UI.csproj", "{CE027F16-EB04-44D8-B6C3-AF95417CC6B9}"
EndProject
Global
	GlobalSection(SolutionConfigurationPlatforms) = preSolution
		_2019|Any CPU = _2019|Any CPU
		_2019i|Any CPU = _2019i|Any CPU
		_2020|Any CPU = _2020|Any CPU
		_2021|Any CPU = _2021|Any CPU
		_2022|Any CPU = _2022|Any CPU
		_2023|Any CPU = _2023|Any CPU
		_2024|Any CPU = _2024|Any CPU
		Debug|Any CPU = Debug|Any CPU
		Release|Any CPU = Release|Any CPU
	EndGlobalSection
	GlobalSection(ProjectConfigurationPlatforms) = postSolution
		{531DCA2A-4161-4EAD-956F-6F33CB74A5EF}._2019|Any CPU.ActiveCfg = _2019|Any CPU
		{531DCA2A-4161-4EAD-956F-6F33CB74A5EF}._2019|Any CPU.Build.0 = _2019|Any CPU
		{531DCA2A-4161-4EAD-956F-6F33CB74A5EF}._2019i|Any CPU.ActiveCfg = _2019i|Any CPU
		{531DCA2A-4161-4EAD-956F-6F33CB74A5EF}._2019i|Any CPU.Build.0 = _2019i|Any CPU
		{531DCA2A-4161-4EAD-956F-6F33CB74A5EF}._2020|Any CPU.ActiveCfg = _2020|Any CPU
		{531DCA2A-4161-4EAD-956F-6F33CB74A5EF}._2020|Any CPU.Build.0 = _2020|Any CPU
		{531DCA2A-4161-4EAD-956F-6F33CB74A5EF}._2021|Any CPU.ActiveCfg = _2021|Any CPU
		{531DCA2A-4161-4EAD-956F-6F33CB74A5EF}._2021|Any CPU.Build.0 = _2021|Any CPU
		{531DCA2A-4161-4EAD-956F-6F33CB74A5EF}._2022|Any CPU.ActiveCfg = _2022|Any CPU
		{531DCA2A-4161-4EAD-956F-6F33CB74A5EF}._2022|Any CPU.Build.0 = _2022|Any CPU
		{531DCA2A-4161-4EAD-956F-6F33CB74A5EF}._2023|Any CPU.ActiveCfg = _2023|Any CPU
		{531DCA2A-4161-4EAD-956F-6F33CB74A5EF}._2023|Any CPU.Build.0 = _2023|Any CPU
		{531DCA2A-4161-4EAD-956F-6F33CB74A5EF}._2024|Any CPU.ActiveCfg = _2024|Any CPU
		{531DCA2A-4161-4EAD-956F-6F33CB74A5EF}._2024|Any CPU.Build.0 = _2024|Any CPU
		{531DCA2A-4161-4EAD-956F-6F33CB74A5EF}.Debug|Any CPU.ActiveCfg = Debug|Any CPU
		{531DCA2A-4161-4EAD-956F-6F33CB74A5EF}.Debug|Any CPU.Build.0 = Debug|Any CPU
		{531DCA2A-4161-4EAD-956F-6F33CB74A5EF}.Release|Any CPU.ActiveCfg = Release|Any CPU
		{531DCA2A-4161-4EAD-956F-6F33CB74A5EF}.Release|Any CPU.Build.0 = Release|Any CPU
		{91397807-C15A-48AC-9706-46C3E2E89D00}._2019|Any CPU.ActiveCfg = Release|Any CPU
		{91397807-C15A-48AC-9706-46C3E2E89D00}._2019|Any CPU.Build.0 = Release|Any CPU
		{91397807-C15A-48AC-9706-46C3E2E89D00}._2019i|Any CPU.ActiveCfg = Debug|Any CPU
		{91397807-C15A-48AC-9706-46C3E2E89D00}._2019i|Any CPU.Build.0 = Debug|Any CPU
		{91397807-C15A-48AC-9706-46C3E2E89D00}._2020|Any CPU.ActiveCfg = Release|Any CPU
		{91397807-C15A-48AC-9706-46C3E2E89D00}._2020|Any CPU.Build.0 = Release|Any CPU
		{91397807-C15A-48AC-9706-46C3E2E89D00}._2021|Any CPU.ActiveCfg = Release|Any CPU
		{91397807-C15A-48AC-9706-46C3E2E89D00}._2021|Any CPU.Build.0 = Release|Any CPU
		{91397807-C15A-48AC-9706-46C3E2E89D00}._2022|Any CPU.ActiveCfg = Release|Any CPU
		{91397807-C15A-48AC-9706-46C3E2E89D00}._2022|Any CPU.Build.0 = Release|Any CPU
		{91397807-C15A-48AC-9706-46C3E2E89D00}._2023|Any CPU.ActiveCfg = Release|Any CPU
		{91397807-C15A-48AC-9706-46C3E2E89D00}._2023|Any CPU.Build.0 = Release|Any CPU
		{91397807-C15A-48AC-9706-46C3E2E89D00}._2024|Any CPU.ActiveCfg = Debug|Any CPU
		{91397807-C15A-48AC-9706-46C3E2E89D00}._2024|Any CPU.Build.0 = Debug|Any CPU
		{91397807-C15A-48AC-9706-46C3E2E89D00}.Debug|Any CPU.ActiveCfg = Debug|Any CPU
		{91397807-C15A-48AC-9706-46C3E2E89D00}.Debug|Any CPU.Build.0 = Debug|Any CPU
		{91397807-C15A-48AC-9706-46C3E2E89D00}.Release|Any CPU.ActiveCfg = Release|Any CPU
		{91397807-C15A-48AC-9706-46C3E2E89D00}.Release|Any CPU.Build.0 = Release|Any CPU
		{CE027F16-EB04-44D8-B6C3-AF95417CC6B9}._2019|Any CPU.ActiveCfg = Release|Any CPU
		{CE027F16-EB04-44D8-B6C3-AF95417CC6B9}._2019|Any CPU.Build.0 = Release|Any CPU
		{CE027F16-EB04-44D8-B6C3-AF95417CC6B9}._2019i|Any CPU.ActiveCfg = Debug|Any CPU
		{CE027F16-EB04-44D8-B6C3-AF95417CC6B9}._2019i|Any CPU.Build.0 = Debug|Any CPU
		{CE027F16-EB04-44D8-B6C3-AF95417CC6B9}._2020|Any CPU.ActiveCfg = Release|Any CPU
		{CE027F16-EB04-44D8-B6C3-AF95417CC6B9}._2020|Any CPU.Build.0 = Release|Any CPU
		{CE027F16-EB04-44D8-B6C3-AF95417CC6B9}._2021|Any CPU.ActiveCfg = Release|Any CPU
		{CE027F16-EB04-44D8-B6C3-AF95417CC6B9}._2021|Any CPU.Build.0 = Release|Any CPU
		{CE027F16-EB04-44D8-B6C3-AF95417CC6B9}._2022|Any CPU.ActiveCfg = Release|Any CPU
		{CE027F16-EB04-44D8-B6C3-AF95417CC6B9}._2022|Any CPU.Build.0 = Release|Any CPU
		{CE027F16-EB04-44D8-B6C3-AF95417CC6B9}._2023|Any CPU.ActiveCfg = Release|Any CPU
		{CE027F16-EB04-44D8-B6C3-AF95417CC6B9}._2023|Any CPU.Build.0 = Release|Any CPU
		{CE027F16-EB04-44D8-B6C3-AF95417CC6B9}._2024|Any CPU.ActiveCfg = Debug|Any CPU
		{CE027F16-EB04-44D8-B6C3-AF95417CC6B9}._2024|Any CPU.Build.0 = Debug|Any CPU
		{CE027F16-EB04-44D8-B6C3-AF95417CC6B9}.Debug|Any CPU.ActiveCfg = Debug|Any CPU
		{CE027F16-EB04-44D8-B6C3-AF95417CC6B9}.Debug|Any CPU.Build.0 = Debug|Any CPU
		{CE027F16-EB04-44D8-B6C3-AF95417CC6B9}.Release|Any CPU.ActiveCfg = Release|Any CPU
		{CE027F16-EB04-44D8-B6C3-AF95417CC6B9}.Release|Any CPU.Build.0 = Release|Any CPU
	EndGlobalSection
	GlobalSection(SolutionProperties) = preSolution
		HideSolutionNode = FALSE
	EndGlobalSection
	GlobalSection(ExtensibilityGlobals) = postSolution
		SolutionGuid = {B3C8CC43-3166-4645-9D33-4BC975A83DE9}
	EndGlobalSection
EndGlobal
